{
  "version": 1,
  "dependencies": {
    "net6.0": {
      "ScottPlot": {
        "type": "Direct",
        "requested": "[4.1.63, )",
        "resolved": "4.1.63",
        "contentHash": "ph9TskhXC31lySsZLDRzo5g1ujG1GnMDM/xPFeU6ntP2c58WEvf0nP7Pe5hAT7E5t7kwM0SAn0rsAqK6++PP5w==",
        "dependencies": {
          "System.Drawing.Common": "4.7.2",
          "System.Numerics.Vectors": "4.5.0"
        }
      },
      "Microsoft.NETCore.Platforms": {
        "type": "Transitive",
        "resolved": "3.1.4",
        "contentHash": "9/y05/CuxE+j184Nr4KihhB9KcUkvGojmD4JV4Vt/mHhVZR+eOCD5WCM+CXye9K0OFMsaPXbN+IcaIpjgBGZmg=="
      },
      "Microsoft.Win32.SystemEvents": {
        "type": "Transitive",
        "resolved": "4.7.0",
        "contentHash": "mtVirZr++rq+XCDITMUdnETD59XoeMxSpLRIII7JRI6Yj0LEDiO1pPn0ktlnIj12Ix8bfvQqQDMMIF9wC98oCA==",
        "dependencies": {
          "Microsoft.NETCore.Platforms": "3.1.0"
        }
      },
      "System.Drawing.Common": {
        "type": "Transitive",
        "resolved": "4.7.2",
        "contentHash": "I2y4KBK3VCvU/WqE2xv7NjQ67maXHttkFSHYKgU2evrG9Yqh0oFjfORXt5hZTk+BVjdyFo2h0/YQZsca33BGmg==",
        "dependencies": {
          "Microsoft.NETCore.Platforms": "3.1.4",
          "Microsoft.Win32.SystemEvents": "4.7.0"
        }
      },
      "System.Numerics.Vectors": {
        "type": "Transitive",
        "resolved": "4.5.0",
        "contentHash": "QQTlPTl06J/iiDbJCiepZ4H//BVraReU4O4EoRw1U02H5TLUIT7xn3GnDp9AXPSlJUDyFs4uWjWafNX6WrAojQ=="
      }
    }
  }
}